schema: '2.0'
stages:
  data ingestion:
    cmd: python senti_ays/src/pipeline/data_pipeline.py
    deps:
    - path: senti_ays/src/components/data_ingetion.py
      hash: md5
      md5: 133c8e4286c6bd4d0062f58bf7f2aa71
      size: 2488
    - path: senti_ays/src/constant/constants.py
      hash: md5
      md5: 0f3e2dd7c331912c7766208ec7c79f69
      size: 202
    - path: senti_ays/src/entity/artifact_entity.py
      hash: md5
      md5: 9b2e98536ae430cf6ea2f7ead7742a81
      size: 787
    - path: senti_ays/src/entity/config_entity.py
      hash: md5
      md5: 0274386a5b4377f3fa1c1b05117d6a59
      size: 4072
    outs:
    - path: artifacts/data-ingestion/quora-insincere-questions-classification/sample_submission.csv
      hash: md5
      md5: 756f89a2c900cc02e54df7df210d2278
      size: 8643553
    - path: artifacts/data-ingestion/quora-insincere-questions-classification/test.csv
      hash: md5
      md5: fbceaa2068736eb72648530839ec6162
      size: 35011536
    - path: artifacts/data-ingestion/quora-insincere-questions-classification/train.csv
      hash: md5
      md5: 700d3efccbc00de15731af00904d2108
      size: 124206772
